
Microsoft Visual Studio Solution File, Format Version 12.00
# Visual Studio Version 16
VisualStudioVersion = 16.0.29306.81
MinimumVisualStudioVersion = 10.0.40219.1
Project("{9A19103F-16F7-4668-BE54-9A1E7A4F7556}") = "Dictionary.Bot", "Dictionary.Bot\Dictionary.Bot.csproj", "{AF98CCA8-4B8F-435A-9BF4-47560AFF0D57}"
EndProject
Project("{9A19103F-16F7-4668-BE54-9A1E7A4F7556}") = "Dictionary.Domain", "Dictionary.Domain\Dictionary.Domain.csproj", "{556D9552-4D17-4755-A5BC-6B151E139204}"
EndProject
Project("{9A19103F-16F7-4668-BE54-9A1E7A4F7556}") = "Dictionary.Tests", "Dictionary.Tests\Dictionary.Tests.csproj", "{B6808BF8-5469-43A7-B11A-7913D99D27A5}"
EndProject
Project("{9A19103F-16F7-4668-BE54-9A1E7A4F7556}") = "Dictionary.Services", "Dictionary.Services\Dictionary.Services.csproj", "{955472AD-3BD4-4822-A0DD-211BD923C5AA}"
EndProject
Global
	GlobalSection(SolutionConfigurationPlatforms) = preSolution
		Debug|Any CPU = Debug|Any CPU
		Release|Any CPU = Release|Any CPU
	EndGlobalSection
	GlobalSection(ProjectConfigurationPlatforms) = postSolution
		{AF98CCA8-4B8F-435A-9BF4-47560AFF0D57}.Debug|Any CPU.ActiveCfg = Debug|Any CPU
		{AF98CCA8-4B8F-435A-9BF4-47560AFF0D57}.Debug|Any CPU.Build.0 = Debug|Any CPU
		{AF98CCA8-4B8F-435A-9BF4-47560AFF0D57}.Release|Any CPU.ActiveCfg = Release|Any CPU
		{AF98CCA8-4B8F-435A-9BF4-47560AFF0D57}.Release|Any CPU.Build.0 = Release|Any CPU
		{556D9552-4D17-4755-A5BC-6B151E139204}.Debug|Any CPU.ActiveCfg = Debug|Any CPU
		{556D9552-4D17-4755-A5BC-6B151E139204}.Debug|Any CPU.Build.0 = Debug|Any CPU
		{556D9552-4D17-4755-A5BC-6B151E139204}.Release|Any CPU.ActiveCfg = Release|Any CPU
		{556D9552-4D17-4755-A5BC-6B151E139204}.Release|Any CPU.Build.0 = Release|Any CPU
		{B6808BF8-5469-43A7-B11A-7913D99D27A5}.Debug|Any CPU.ActiveCfg = Debug|Any CPU
		{B6808BF8-5469-43A7-B11A-7913D99D27A5}.Debug|Any CPU.Build.0 = Debug|Any CPU
		{B6808BF8-5469-43A7-B11A-7913D99D27A5}.Release|Any CPU.ActiveCfg = Release|Any CPU
		{B6808BF8-5469-43A7-B11A-7913D99D27A5}.Release|Any CPU.Build.0 = Release|Any CPU
		{955472AD-3BD4-4822-A0DD-211BD923C5AA}.Debug|Any CPU.ActiveCfg = Debug|Any CPU
		{955472AD-3BD4-4822-A0DD-211BD923C5AA}.Debug|Any CPU.Build.0 = Debug|Any CPU
		{955472AD-3BD4-4822-A0DD-211BD923C5AA}.Release|Any CPU.ActiveCfg = Release|Any CPU
		{955472AD-3BD4-4822-A0DD-211BD923C5AA}.Release|Any CPU.Build.0 = Release|Any CPU
	EndGlobalSection
	GlobalSection(SolutionProperties) = preSolution
		HideSolutionNode = FALSE
	EndGlobalSection
	GlobalSection(ExtensibilityGlobals) = postSolution
		SolutionGuid = {01B8872F-628E-41B3-BBF0-F33F0308CFD1}
	EndGlobalSection
EndGlobal
